
Microsoft Visual Studio Solution File, Format Version 12.00
# Visual Studio Version 16
VisualStudioVersion = 16.0.30413.136
MinimumVisualStudioVersion = 10.0.40219.1
Project("{FAE04EC0-301F-11D3-BF4B-00C04F79EFBC}") = "TimUocChungLonNhat", "TimUocChungLonNhat\TimUocChungLonNhat.csproj", "{C8EADAC4-F0A5-4388-A042-FEBFE46E36F4}"
EndProject
Global
	GlobalSection(SolutionConfigurationPlatforms) = preSolution
		Debug|Any CPU = Debug|Any CPU
		Release|Any CPU = Release|Any CPU
	EndGlobalSection
	GlobalSection(ProjectConfigurationPlatforms) = postSolution
		{C8EADAC4-F0A5-4388-A042-FEBFE46E36F4}.Debug|Any CPU.ActiveCfg = Debug|Any CPU
		{C8EADAC4-F0A5-4388-A042-FEBFE46E36F4}.Debug|Any CPU.Build.0 = Debug|Any CPU
		{C8EADAC4-F0A5-4388-A042-FEBFE46E36F4}.Release|Any CPU.ActiveCfg = Release|Any CPU
		{C8EADAC4-F0A5-4388-A042-FEBFE46E36F4}.Release|Any CPU.Build.0 = Release|Any CPU
	EndGlobalSection
	GlobalSection(SolutionProperties) = preSolution
		HideSolutionNode = FALSE
	EndGlobalSection
	GlobalSection(ExtensibilityGlobals) = postSolution
		SolutionGuid = {43ACF35D-5696-47C6-A384-019D968B37F5}
	EndGlobalSection
EndGlobal
